
Microsoft Visual Studio Solution File, Format Version 12.00
# Visual Studio Version 16
VisualStudioVersion = 16.0.31112.23
MinimumVisualStudioVersion = 10.0.40219.1
Project("{8BC9CEB8-8B4A-11D0-8D11-00A0C91BC942}") = "Task_02_01", "Task_02_01\Task_02_01.vcxproj", "{18185D32-B072-4D53-A21B-960AE0221780}"
EndProject
Project("{8BC9CEB8-8B4A-11D0-8D11-00A0C91BC942}") = "Task_02_02", "Task_02_02\Task_02_02.vcxproj", "{D86103A0-4B7C-4447-B39D-F2223DDA800A}"
EndProject
Project("{8BC9CEB8-8B4A-11D0-8D11-00A0C91BC942}") = "Task_02_03", "Task_02_03\Task_02_03.vcxproj", "{F24FD578-F304-4747-91B3-C7E0E9BE210B}"
EndProject
Project("{8BC9CEB8-8B4A-11D0-8D11-00A0C91BC942}") = "Task_02_04", "Task_02_04\Task_02_04.vcxproj", "{1EC8664B-436F-42DC-86E5-8EC5A971AA55}"
EndProject
Project("{8BC9CEB8-8B4A-11D0-8D11-00A0C91BC942}") = "Task_02_05", "Task_02_05\Task_02_05.vcxproj", "{20AE28DC-2356-4E16-937F-11A76BFBE7CB}"
EndProject
Project("{8BC9CEB8-8B4A-11D0-8D11-00A0C91BC942}") = "Task_02_06", "Task_02_06\Task_02_06.vcxproj", "{DF0044AB-87E9-4B22-9F54-979FFFB3B91C}"
EndProject
Project("{8BC9CEB8-8B4A-11D0-8D11-00A0C91BC942}") = "Task_02_07", "Task_02_07\Task_02_07.vcxproj", "{6EA330D0-1DCF-4F4C-83D8-5815A147D79A}"
EndProject
Project("{8BC9CEB8-8B4A-11D0-8D11-00A0C91BC942}") = "Task_03_03", "Task_03_03\Task_03_03.vcxproj", "{9E5088AD-B0ED-4E20-9853-403667A40515}"
EndProject
Project("{8BC9CEB8-8B4A-11D0-8D11-00A0C91BC942}") = "Task_03_01", "Task_03_01\Task_03_01.vcxproj", "{EBD391DA-9609-44CB-B5E7-3DDFBB6619B4}"
EndProject
Project("{8BC9CEB8-8B4A-11D0-8D11-00A0C91BC942}") = "Task_03_02", "Task_03_02\Task_03_02.vcxproj", "{D6E94BA1-E04D-45A2-B37E-C0F58AB1146F}"
EndProject
Project("{8BC9CEB8-8B4A-11D0-8D11-00A0C91BC942}") = "Task_03_04", "Task_03_04\Task_03_04.vcxproj", "{AB00037F-D2B2-4189-83A5-BB76A42D4D42}"
EndProject
Project("{8BC9CEB8-8B4A-11D0-8D11-00A0C91BC942}") = "Task_03_05", "Task_03_05\Task_03_05.vcxproj", "{2628414F-0BFC-4F33-B3E7-8E14794D39A9}"
EndProject
Project("{8BC9CEB8-8B4A-11D0-8D11-00A0C91BC942}") = "Task_03_06", "Task_03_06\Task_03_06.vcxproj", "{A59883FE-43EA-4252-A5FD-8CBEC676E610}"
EndProject
Project("{8BC9CEB8-8B4A-11D0-8D11-00A0C91BC942}") = "Task_03_07", "Task_03_07\Task_03_07.vcxproj", "{ACA1F93B-5D2C-4B46-9158-E09D24516D3E}"
EndProject
Global
	GlobalSection(SolutionConfigurationPlatforms) = preSolution
		Debug|x64 = Debug|x64
		Debug|x86 = Debug|x86
		Release|x64 = Release|x64
		Release|x86 = Release|x86
	EndGlobalSection
	GlobalSection(ProjectConfigurationPlatforms) = postSolution
		{18185D32-B072-4D53-A21B-960AE0221780}.Debug|x64.ActiveCfg = Debug|x64
		{18185D32-B072-4D53-A21B-960AE0221780}.Debug|x64.Build.0 = Debug|x64
		{18185D32-B072-4D53-A21B-960AE0221780}.Debug|x86.ActiveCfg = Debug|Win32
		{18185D32-B072-4D53-A21B-960AE0221780}.Debug|x86.Build.0 = Debug|Win32
		{18185D32-B072-4D53-A21B-960AE0221780}.Release|x64.ActiveCfg = Release|x64
		{18185D32-B072-4D53-A21B-960AE0221780}.Release|x64.Build.0 = Release|x64
		{18185D32-B072-4D53-A21B-960AE0221780}.Release|x86.ActiveCfg = Release|Win32
		{18185D32-B072-4D53-A21B-960AE0221780}.Release|x86.Build.0 = Release|Win32
		{D86103A0-4B7C-4447-B39D-F2223DDA800A}.Debug|x64.ActiveCfg = Debug|x64
		{D86103A0-4B7C-4447-B39D-F2223DDA800A}.Debug|x64.Build.0 = Debug|x64
		{D86103A0-4B7C-4447-B39D-F2223DDA800A}.Debug|x86.ActiveCfg = Debug|Win32
		{D86103A0-4B7C-4447-B39D-F2223DDA800A}.Debug|x86.Build.0 = Debug|Win32
		{D86103A0-4B7C-4447-B39D-F2223DDA800A}.Release|x64.ActiveCfg = Release|x64
		{D86103A0-4B7C-4447-B39D-F2223DDA800A}.Release|x64.Build.0 = Release|x64
		{D86103A0-4B7C-4447-B39D-F2223DDA800A}.Release|x86.ActiveCfg = Release|Win32
		{D86103A0-4B7C-4447-B39D-F2223DDA800A}.Release|x86.Build.0 = Release|Win32
		{F24FD578-F304-4747-91B3-C7E0E9BE210B}.Debug|x64.ActiveCfg = Debug|x64
		{F24FD578-F304-4747-91B3-C7E0E9BE210B}.Debug|x64.Build.0 = Debug|x64
		{F24FD578-F304-4747-91B3-C7E0E9BE210B}.Debug|x86.ActiveCfg = Debug|Win32
		{F24FD578-F304-4747-91B3-C7E0E9BE210B}.Debug|x86.Build.0 = Debug|Win32
		{F24FD578-F304-4747-91B3-C7E0E9BE210B}.Release|x64.ActiveCfg = Release|x64
		{F24FD578-F304-4747-91B3-C7E0E9BE210B}.Release|x64.Build.0 = Release|x64
		{F24FD578-F304-4747-91B3-C7E0E9BE210B}.Release|x86.ActiveCfg = Release|Win32
		{F24FD578-F304-4747-91B3-C7E0E9BE210B}.Release|x86.Build.0 = Release|Win32
		{1EC8664B-436F-42DC-86E5-8EC5A971AA55}.Debug|x64.ActiveCfg = Debug|x64
		{1EC8664B-436F-42DC-86E5-8EC5A971AA55}.Debug|x64.Build.0 = Debug|x64
		{1EC8664B-436F-42DC-86E5-8EC5A971AA55}.Debug|x86.ActiveCfg = Debug|Win32
		{1EC8664B-436F-42DC-86E5-8EC5A971AA55}.Debug|x86.Build.0 = Debug|Win32
		{1EC8664B-436F-42DC-86E5-8EC5A971AA55}.Release|x64.ActiveCfg = Release|x64
		{1EC8664B-436F-42DC-86E5-8EC5A971AA55}.Release|x64.Build.0 = Release|x64
		{1EC8664B-436F-42DC-86E5-8EC5A971AA55}.Release|x86.ActiveCfg = Release|Win32
		{1EC8664B-436F-42DC-86E5-8EC5A971AA55}.Release|x86.Build.0 = Release|Win32
		{20AE28DC-2356-4E16-937F-11A76BFBE7CB}.Debug|x64.ActiveCfg = Debug|x64
		{20AE28DC-2356-4E16-937F-11A76BFBE7CB}.Debug|x64.Build.0 = Debug|x64
		{20AE28DC-2356-4E16-937F-11A76BFBE7CB}.Debug|x86.ActiveCfg = Debug|Win32
		{20AE28DC-2356-4E16-937F-11A76BFBE7CB}.Debug|x86.Build.0 = Debug|Win32
		{20AE28DC-2356-4E16-937F-11A76BFBE7CB}.Release|x64.ActiveCfg = Release|x64
		{20AE28DC-2356-4E16-937F-11A76BFBE7CB}.Release|x64.Build.0 = Release|x64
		{20AE28DC-2356-4E16-937F-11A76BFBE7CB}.Release|x86.ActiveCfg = Release|Win32
		{20AE28DC-2356-4E16-937F-11A76BFBE7CB}.Release|x86.Build.0 = Release|Win32
		{DF0044AB-87E9-4B22-9F54-979FFFB3B91C}.Debug|x64.ActiveCfg = Debug|x64
		{DF0044AB-87E9-4B22-9F54-979FFFB3B91C}.Debug|x64.Build.0 = Debug|x64
		{DF0044AB-87E9-4B22-9F54-979FFFB3B91C}.Debug|x86.ActiveCfg = Debug|Win32
		{DF0044AB-87E9-4B22-9F54-979FFFB3B91C}.Debug|x86.Build.0 = Debug|Win32
		{DF0044AB-87E9-4B22-9F54-979FFFB3B91C}.Release|x64.ActiveCfg = Release|x64
		{DF0044AB-87E9-4B22-9F54-979FFFB3B91C}.Release|x64.Build.0 = Release|x64
		{DF0044AB-87E9-4B22-9F54-979FFFB3B91C}.Release|x86.ActiveCfg = Release|Win32
		{DF0044AB-87E9-4B22-9F54-979FFFB3B91C}.Release|x86.Build.0 = Release|Win32
		{6EA330D0-1DCF-4F4C-83D8-5815A147D79A}.Debug|x64.ActiveCfg = Debug|x64
		{6EA330D0-1DCF-4F4C-83D8-5815A147D79A}.Debug|x64.Build.0 = Debug|x64
		{6EA330D0-1DCF-4F4C-83D8-5815A147D79A}.Debug|x86.ActiveCfg = Debug|Win32
		{6EA330D0-1DCF-4F4C-83D8-5815A147D79A}.Debug|x86.Build.0 = Debug|Win32
		{6EA330D0-1DCF-4F4C-83D8-5815A147D79A}.Release|x64.ActiveCfg = Release|x64
		{6EA330D0-1DCF-4F4C-83D8-5815A147D79A}.Release|x64.Build.0 = Release|x64
		{6EA330D0-1DCF-4F4C-83D8-5815A147D79A}.Release|x86.ActiveCfg = Release|Win32
		{6EA330D0-1DCF-4F4C-83D8-5815A147D79A}.Release|x86.Build.0 = Release|Win32
		{9E5088AD-B0ED-4E20-9853-403667A40515}.Debug|x64.ActiveCfg = Debug|x64
		{9E5088AD-B0ED-4E20-9853-403667A40515}.Debug|x64.Build.0 = Debug|x64
		{9E5088AD-B0ED-4E20-9853-403667A40515}.Debug|x86.ActiveCfg = Debug|Win32
		{9E5088AD-B0ED-4E20-9853-403667A40515}.Debug|x86.Build.0 = Debug|Win32
		{9E5088AD-B0ED-4E20-9853-403667A40515}.Release|x64.ActiveCfg = Release|x64
		{9E5088AD-B0ED-4E20-9853-403667A40515}.Release|x64.Build.0 = Release|x64
		{9E5088AD-B0ED-4E20-9853-403667A40515}.Release|x86.ActiveCfg = Release|Win32
		{9E5088AD-B0ED-4E20-9853-403667A40515}.Release|x86.Build.0 = Release|Win32
		{EBD391DA-9609-44CB-B5E7-3DDFBB6619B4}.Debug|x64.ActiveCfg = Debug|x64
		{EBD391DA-9609-44CB-B5E7-3DDFBB6619B4}.Debug|x64.Build.0 = Debug|x64
		{EBD391DA-9609-44CB-B5E7-3DDFBB6619B4}.Debug|x86.ActiveCfg = Debug|Win32
		{EBD391DA-9609-44CB-B5E7-3DDFBB6619B4}.Debug|x86.Build.0 = Debug|Win32
		{EBD391DA-9609-44CB-B5E7-3DDFBB6619B4}.Release|x64.ActiveCfg = Release|x64
		{EBD391DA-9609-44CB-B5E7-3DDFBB6619B4}.Release|x64.Build.0 = Release|x64
		{EBD391DA-9609-44CB-B5E7-3DDFBB6619B4}.Release|x86.ActiveCfg = Release|Win32
		{EBD391DA-9609-44CB-B5E7-3DDFBB6619B4}.Release|x86.Build.0 = Release|Win32
		{D6E94BA1-E04D-45A2-B37E-C0F58AB1146F}.Debug|x64.ActiveCfg = Debug|x64
		{D6E94BA1-E04D-45A2-B37E-C0F58AB1146F}.Debug|x64.Build.0 = Debug|x64
		{D6E94BA1-E04D-45A2-B37E-C0F58AB1146F}.Debug|x86.ActiveCfg = Debug|Win32
		{D6E94BA1-E04D-45A2-B37E-C0F58AB1146F}.Debug|x86.Build.0 = Debug|Win32
		{D6E94BA1-E04D-45A2-B37E-C0F58AB1146F}.Release|x64.ActiveCfg = Release|x64
		{D6E94BA1-E04D-45A2-B37E-C0F58AB1146F}.Release|x64.Build.0 = Release|x64
		{D6E94BA1-E04D-45A2-B37E-C0F58AB1146F}.Release|x86.ActiveCfg = Release|Win32
		{D6E94BA1-E04D-45A2-B37E-C0F58AB1146F}.Release|x86.Build.0 = Release|Win32
		{AB00037F-D2B2-4189-83A5-BB76A42D4D42}.Debug|x64.ActiveCfg = Debug|x64
		{AB00037F-D2B2-4189-83A5-BB76A42D4D42}.Debug|x64.Build.0 = Debug|x64
		{AB00037F-D2B2-4189-83A5-BB76A42D4D42}.Debug|x86.ActiveCfg = Debug|Win32
		{AB00037F-D2B2-4189-83A5-BB76A42D4D42}.Debug|x86.Build.0 = Debug|Win32
		{AB00037F-D2B2-4189-83A5-BB76A42D4D42}.Release|x64.ActiveCfg = Release|x64
		{AB00037F-D2B2-4189-83A5-BB76A42D4D42}.Release|x64.Build.0 = Release|x64
		{AB00037F-D2B2-4189-83A5-BB76A42D4D42}.Release|x86.ActiveCfg = Release|Win32
		{AB00037F-D2B2-4189-83A5-BB76A42D4D42}.Release|x86.Build.0 = Release|Win32
		{2628414F-0BFC-4F33-B3E7-8E14794D39A9}.Debug|x64.ActiveCfg = Debug|x64
		{2628414F-0BFC-4F33-B3E7-8E14794D39A9}.Debug|x64.Build.0 = Debug|x64
		{2628414F-0BFC-4F33-B3E7-8E14794D39A9}.Debug|x86.ActiveCfg = Debug|Win32
		{2628414F-0BFC-4F33-B3E7-8E14794D39A9}.Debug|x86.Build.0 = Debug|Win32
		{2628414F-0BFC-4F33-B3E7-8E14794D39A9}.Release|x64.ActiveCfg = Release|x64
		{2628414F-0BFC-4F33-B3E7-8E14794D39A9}.Release|x64.Build.0 = Release|x64
		{2628414F-0BFC-4F33-B3E7-8E14794D39A9}.Release|x86.ActiveCfg = Release|Win32
		{2628414F-0BFC-4F33-B3E7-8E14794D39A9}.Release|x86.Build.0 = Release|Win32
		{A59883FE-43EA-4252-A5FD-8CBEC676E610}.Debug|x64.ActiveCfg = Debug|x64
		{A59883FE-43EA-4252-A5FD-8CBEC676E610}.Debug|x64.Build.0 = Debug|x64
		{A59883FE-43EA-4252-A5FD-8CBEC676E610}.Debug|x86.ActiveCfg = Debug|Win32
		{A59883FE-43EA-4252-A5FD-8CBEC676E610}.Debug|x86.Build.0 = Debug|Win32
		{A59883FE-43EA-4252-A5FD-8CBEC676E610}.Release|x64.ActiveCfg = Release|x64
		{A59883FE-43EA-4252-A5FD-8CBEC676E610}.Release|x64.Build.0 = Release|x64
		{A59883FE-43EA-4252-A5FD-8CBEC676E610}.Release|x86.ActiveCfg = Release|Win32
		{A59883FE-43EA-4252-A5FD-8CBEC676E610}.Release|x86.Build.0 = Release|Win32
		{ACA1F93B-5D2C-4B46-9158-E09D24516D3E}.Debug|x64.ActiveCfg = Debug|x64
		{ACA1F93B-5D2C-4B46-9158-E09D24516D3E}.Debug|x64.Build.0 = Debug|x64
		{ACA1F93B-5D2C-4B46-9158-E09D24516D3E}.Debug|x86.ActiveCfg = Debug|Win32
		{ACA1F93B-5D2C-4B46-9158-E09D24516D3E}.Debug|x86.Build.0 = Debug|Win32
		{ACA1F93B-5D2C-4B46-9158-E09D24516D3E}.Release|x64.ActiveCfg = Release|x64
		{ACA1F93B-5D2C-4B46-9158-E09D24516D3E}.Release|x64.Build.0 = Release|x64
		{ACA1F93B-5D2C-4B46-9158-E09D24516D3E}.Release|x86.ActiveCfg = Release|Win32
		{ACA1F93B-5D2C-4B46-9158-E09D24516D3E}.Release|x86.Build.0 = Release|Win32
	EndGlobalSection
	GlobalSection(SolutionProperties) = preSolution
		HideSolutionNode = FALSE
	EndGlobalSection
	GlobalSection(ExtensibilityGlobals) = postSolution
		SolutionGuid = {D07D7F1F-EDEF-4ACA-B7DA-040D8D59F192}
	EndGlobalSection
EndGlobal
