
Microsoft Visual Studio Solution File, Format Version 12.00
# Visual Studio Version 16
VisualStudioVersion = 16.0.31112.23
MinimumVisualStudioVersion = 10.0.40219.1
Project("{8BC9CEB8-8B4A-11D0-8D11-00A0C91BC942}") = "Task_02_01", "Task_02_01\Task_02_01.vcxproj", "{18185D32-B072-4D53-A21B-960AE0221780}"
EndProject
Project("{8BC9CEB8-8B4A-11D0-8D11-00A0C91BC942}") = "Task_02_02", "Task_02_02\Task_02_02.vcxproj", "{D86103A0-4B7C-4447-B39D-F2223DDA800A}"
EndProject
Project("{8BC9CEB8-8B4A-11D0-8D11-00A0C91BC942}") = "Task_02_03", "Task_02_03\Task_02_03.vcxproj", "{F24FD578-F304-4747-91B3-C7E0E9BE210B}"
EndProject
Project("{8BC9CEB8-8B4A-11D0-8D11-00A0C91BC942}") = "Task_02_04", "Task_02_04\Task_02_04.vcxproj", "{1EC8664B-436F-42DC-86E5-8EC5A971AA55}"
EndProject
Project("{8BC9CEB8-8B4A-11D0-8D11-00A0C91BC942}") = "Task_02_05", "Task_02_05\Task_02_05.vcxproj", "{20AE28DC-2356-4E16-937F-11A76BFBE7CB}"
EndProject
Project("{8BC9CEB8-8B4A-11D0-8D11-00A0C91BC942}") = "Task_02_06", "Task_02_06\Task_02_06.vcxproj", "{DF0044AB-87E9-4B22-9F54-979FFFB3B91C}"
EndProject
Project("{8BC9CEB8-8B4A-11D0-8D11-00A0C91BC942}") = "Task_02_07", "Task_02_07\Task_02_07.vcxproj", "{6EA330D0-1DCF-4F4C-83D8-5815A147D79A}"
EndProject
Global
	GlobalSection(SolutionConfigurationPlatforms) = preSolution
		Debug|x64 = Debug|x64
		Debug|x86 = Debug|x86
		Release|x64 = Release|x64
		Release|x86 = Release|x86
	EndGlobalSection
	GlobalSection(ProjectConfigurationPlatforms) = postSolution
		{18185D32-B072-4D53-A21B-960AE0221780}.Debug|x64.ActiveCfg = Debug|x64
		{18185D32-B072-4D53-A21B-960AE0221780}.Debug|x64.Build.0 = Debug|x64
		{18185D32-B072-4D53-A21B-960AE0221780}.Debug|x86.ActiveCfg = Debug|Win32
		{18185D32-B072-4D53-A21B-960AE0221780}.Debug|x86.Build.0 = Debug|Win32
		{18185D32-B072-4D53-A21B-960AE0221780}.Release|x64.ActiveCfg = Release|x64
		{18185D32-B072-4D53-A21B-960AE0221780}.Release|x64.Build.0 = Release|x64
		{18185D32-B072-4D53-A21B-960AE0221780}.Release|x86.ActiveCfg = Release|Win32
		{18185D32-B072-4D53-A21B-960AE0221780}.Release|x86.Build.0 = Release|Win32
		{D86103A0-4B7C-4447-B39D-F2223DDA800A}.Debug|x64.ActiveCfg = Debug|x64
		{D86103A0-4B7C-4447-B39D-F2223DDA800A}.Debug|x64.Build.0 = Debug|x64
		{D86103A0-4B7C-4447-B39D-F2223DDA800A}.Debug|x86.ActiveCfg = Debug|Win32
		{D86103A0-4B7C-4447-B39D-F2223DDA800A}.Debug|x86.Build.0 = Debug|Win32
		{D86103A0-4B7C-4447-B39D-F2223DDA800A}.Release|x64.ActiveCfg = Release|x64
		{D86103A0-4B7C-4447-B39D-F2223DDA800A}.Release|x64.Build.0 = Release|x64
		{D86103A0-4B7C-4447-B39D-F2223DDA800A}.Release|x86.ActiveCfg = Release|Win32
		{D86103A0-4B7C-4447-B39D-F2223DDA800A}.Release|x86.Build.0 = Release|Win32
		{F24FD578-F304-4747-91B3-C7E0E9BE210B}.Debug|x64.ActiveCfg = Debug|x64
		{F24FD578-F304-4747-91B3-C7E0E9BE210B}.Debug|x64.Build.0 = Debug|x64
		{F24FD578-F304-4747-91B3-C7E0E9BE210B}.Debug|x86.ActiveCfg = Debug|Win32
		{F24FD578-F304-4747-91B3-C7E0E9BE210B}.Debug|x86.Build.0 = Debug|Win32
		{F24FD578-F304-4747-91B3-C7E0E9BE210B}.Release|x64.ActiveCfg = Release|x64
		{F24FD578-F304-4747-91B3-C7E0E9BE210B}.Release|x64.Build.0 = Release|x64
		{F24FD578-F304-4747-91B3-C7E0E9BE210B}.Release|x86.ActiveCfg = Release|Win32
		{F24FD578-F304-4747-91B3-C7E0E9BE210B}.Release|x86.Build.0 = Release|Win32
		{1EC8664B-436F-42DC-86E5-8EC5A971AA55}.Debug|x64.ActiveCfg = Debug|x64
		{1EC8664B-436F-42DC-86E5-8EC5A971AA55}.Debug|x64.Build.0 = Debug|x64
		{1EC8664B-436F-42DC-86E5-8EC5A971AA55}.Debug|x86.ActiveCfg = Debug|Win32
		{1EC8664B-436F-42DC-86E5-8EC5A971AA55}.Debug|x86.Build.0 = Debug|Win32
		{1EC8664B-436F-42DC-86E5-8EC5A971AA55}.Release|x64.ActiveCfg = Release|x64
		{1EC8664B-436F-42DC-86E5-8EC5A971AA55}.Release|x64.Build.0 = Release|x64
		{1EC8664B-436F-42DC-86E5-8EC5A971AA55}.Release|x86.ActiveCfg = Release|Win32
		{1EC8664B-436F-42DC-86E5-8EC5A971AA55}.Release|x86.Build.0 = Release|Win32
		{20AE28DC-2356-4E16-937F-11A76BFBE7CB}.Debug|x64.ActiveCfg = Debug|x64
		{20AE28DC-2356-4E16-937F-11A76BFBE7CB}.Debug|x64.Build.0 = Debug|x64
		{20AE28DC-2356-4E16-937F-11A76BFBE7CB}.Debug|x86.ActiveCfg = Debug|Win32
		{20AE28DC-2356-4E16-937F-11A76BFBE7CB}.Debug|x86.Build.0 = Debug|Win32
		{20AE28DC-2356-4E16-937F-11A76BFBE7CB}.Release|x64.ActiveCfg = Release|x64
		{20AE28DC-2356-4E16-937F-11A76BFBE7CB}.Release|x64.Build.0 = Release|x64
		{20AE28DC-2356-4E16-937F-11A76BFBE7CB}.Release|x86.ActiveCfg = Release|Win32
		{20AE28DC-2356-4E16-937F-11A76BFBE7CB}.Release|x86.Build.0 = Release|Win32
		{DF0044AB-87E9-4B22-9F54-979FFFB3B91C}.Debug|x64.ActiveCfg = Debug|x64
		{DF0044AB-87E9-4B22-9F54-979FFFB3B91C}.Debug|x64.Build.0 = Debug|x64
		{DF0044AB-87E9-4B22-9F54-979FFFB3B91C}.Debug|x86.ActiveCfg = Debug|Win32
		{DF0044AB-87E9-4B22-9F54-979FFFB3B91C}.Debug|x86.Build.0 = Debug|Win32
		{DF0044AB-87E9-4B22-9F54-979FFFB3B91C}.Release|x64.ActiveCfg = Release|x64
		{DF0044AB-87E9-4B22-9F54-979FFFB3B91C}.Release|x64.Build.0 = Release|x64
		{DF0044AB-87E9-4B22-9F54-979FFFB3B91C}.Release|x86.ActiveCfg = Release|Win32
		{DF0044AB-87E9-4B22-9F54-979FFFB3B91C}.Release|x86.Build.0 = Release|Win32
		{6EA330D0-1DCF-4F4C-83D8-5815A147D79A}.Debug|x64.ActiveCfg = Debug|x64
		{6EA330D0-1DCF-4F4C-83D8-5815A147D79A}.Debug|x64.Build.0 = Debug|x64
		{6EA330D0-1DCF-4F4C-83D8-5815A147D79A}.Debug|x86.ActiveCfg = Debug|Win32
		{6EA330D0-1DCF-4F4C-83D8-5815A147D79A}.Debug|x86.Build.0 = Debug|Win32
		{6EA330D0-1DCF-4F4C-83D8-5815A147D79A}.Release|x64.ActiveCfg = Release|x64
		{6EA330D0-1DCF-4F4C-83D8-5815A147D79A}.Release|x64.Build.0 = Release|x64
		{6EA330D0-1DCF-4F4C-83D8-5815A147D79A}.Release|x86.ActiveCfg = Release|Win32
		{6EA330D0-1DCF-4F4C-83D8-5815A147D79A}.Release|x86.Build.0 = Release|Win32
	EndGlobalSection
	GlobalSection(SolutionProperties) = preSolution
		HideSolutionNode = FALSE
	EndGlobalSection
	GlobalSection(ExtensibilityGlobals) = postSolution
		SolutionGuid = {D07D7F1F-EDEF-4ACA-B7DA-040D8D59F192}
	EndGlobalSection
EndGlobal
